
Microsoft Visual Studio Solution File, Format Version 12.00
Project("{FAE04EC0-301F-11D3-BF4B-00C04F79EFBC}") = "WebApplication1Razor", "WebApplication1Razor.csproj", "{15B4E464-24CE-462D-ABAB-6261F614475A}"
EndProject
Global
	GlobalSection(SolutionConfigurationPlatforms) = preSolution
		Debug|Any CPU = Debug|Any CPU
		Release|Any CPU = Release|Any CPU
	EndGlobalSection
	GlobalSection(ProjectConfigurationPlatforms) = postSolution
		{15B4E464-24CE-462D-ABAB-6261F614475A}.Debug|Any CPU.ActiveCfg = Debug|Any CPU
		{15B4E464-24CE-462D-ABAB-6261F614475A}.Debug|Any CPU.Build.0 = Debug|Any CPU
		{15B4E464-24CE-462D-ABAB-6261F614475A}.Release|Any CPU.ActiveCfg = Release|Any CPU
		{15B4E464-24CE-462D-ABAB-6261F614475A}.Release|Any CPU.Build.0 = Release|Any CPU
	EndGlobalSection
EndGlobal
